
Microsoft Visual Studio Solution File, Format Version 12.00
# Visual Studio Version 16
VisualStudioVersion = 16.0.30128.74
MinimumVisualStudioVersion = 10.0.40219.1
Project("{FAE04EC0-301F-11D3-BF4B-00C04F79EFBC}") = "MindMaps", "MindMaps\MindMaps.csproj", "{FB8DA8FE-6A7F-44CF-A642-096A66E63AA9}"
EndProject
Global
	GlobalSection(SolutionConfigurationPlatforms) = preSolution
		Debug|Any CPU = Debug|Any CPU
		Release|Any CPU = Release|Any CPU
	EndGlobalSection
	GlobalSection(ProjectConfigurationPlatforms) = postSolution
		{FB8DA8FE-6A7F-44CF-A642-096A66E63AA9}.Debug|Any CPU.ActiveCfg = Debug|Any CPU
		{FB8DA8FE-6A7F-44CF-A642-096A66E63AA9}.Debug|Any CPU.Build.0 = Debug|Any CPU
		{FB8DA8FE-6A7F-44CF-A642-096A66E63AA9}.Release|Any CPU.ActiveCfg = Release|Any CPU
		{FB8DA8FE-6A7F-44CF-A642-096A66E63AA9}.Release|Any CPU.Build.0 = Release|Any CPU
	EndGlobalSection
	GlobalSection(SolutionProperties) = preSolution
		HideSolutionNode = FALSE
	EndGlobalSection
	GlobalSection(ExtensibilityGlobals) = postSolution
		SolutionGuid = {7E9CA1C5-F132-4124-9C6A-7A3BE2B82346}
	EndGlobalSection
EndGlobal
